// !$*UTF8*$!
{
	archiveVersion = 1;
	classes = {
	};
	objectVersion = 50;
	objects = {

/* Begin PBXBuildFile section */
		0B80622E2156FDC60054BDA7 /* SecondViewController.swift in Sources */ = {isa = PBXBuildFile; fileRef = 0B80622D2156FDC60054BDA7 /* SecondViewController.swift */; };
		0BF623E3214EDAF6008FBB12 /* AppDelegate.swift in Sources */ = {isa = PBXBuildFile; fileRef = 0BF623E2214EDAF6008FBB12 /* AppDelegate.swift */; };
		0BF623E5214EDAF6008FBB12 /* ViewController.swift in Sources */ = {isa = PBXBuildFile; fileRef = 0BF623E4214EDAF6008FBB12 /* ViewController.swift */; };
		0BF623E8214EDAF6008FBB12 /* Main.storyboard in Resources */ = {isa = PBXBuildFile; fileRef = 0BF623E6214EDAF6008FBB12 /* Main.storyboard */; };
		0BF623EA214EDAF9008FBB12 /* Assets.xcassets in Resources */ = {isa = PBXBuildFile; fileRef = 0BF623E9214EDAF9008FBB12 /* Assets.xcassets */; };
		0BF623ED214EDAF9008FBB12 /* LaunchScreen.storyboard in Resources */ = {isa = PBXBuildFile; fileRef = 0BF623EB214EDAF9008FBB12 /* LaunchScreen.storyboard */; };
		0BF623F8214EDAF9008FBB12 /* _42projTests.swift in Sources */ = {isa = PBXBuildFile; fileRef = 0BF623F7214EDAF9008FBB12 /* _42projTests.swift */; };
		0BF62403214EDAF9008FBB12 /* _42projUITests.swift in Sources */ = {isa = PBXBuildFile; fileRef = 0BF62402214EDAF9008FBB12 /* _42projUITests.swift */; };
		0BF684A92173D4B6004EF7A9 /* Mission.swift in Sources */ = {isa = PBXBuildFile; fileRef = 0BF684A82173D4B6004EF7A9 /* Mission.swift */; };
		363E5557215A9D0600F1A5D5 /* ARViewController.swift in Sources */ = {isa = PBXBuildFile; fileRef = 363E5556215A9D0600F1A5D5 /* ARViewController.swift */; };
		42FFA2952173E11700660E11 /* MapViewController.swift in Sources */ = {isa = PBXBuildFile; fileRef = 42FFA2942173E11700660E11 /* MapViewController.swift */; };
		42FFA2982173E30500660E11 /* CoreLocation.framework in Frameworks */ = {isa = PBXBuildFile; fileRef = 42FFA2972173E30500660E11 /* CoreLocation.framework */; };
/* End PBXBuildFile section */

/* Begin PBXContainerItemProxy section */
		0BF623F4214EDAF9008FBB12 /* PBXContainerItemProxy */ = {
			isa = PBXContainerItemProxy;
			containerPortal = 0BF623D7214EDAF6008FBB12 /* Project object */;
			proxyType = 1;
			remoteGlobalIDString = 0BF623DE214EDAF6008FBB12;
			remoteInfo = 442proj;
		};
		0BF623FF214EDAF9008FBB12 /* PBXContainerItemProxy */ = {
			isa = PBXContainerItemProxy;
			containerPortal = 0BF623D7214EDAF6008FBB12 /* Project object */;
			proxyType = 1;
			remoteGlobalIDString = 0BF623DE214EDAF6008FBB12;
			remoteInfo = 442proj;
		};
		368EED8F217E699C006FDAC4 /* PBXContainerItemProxy */ = {
			isa = PBXContainerItemProxy;
			containerPortal = 0BF623D7214EDAF6008FBB12 /* Project object */;
			proxyType = 1;
			remoteGlobalIDString = 0BF623DE214EDAF6008FBB12;
			remoteInfo = 442proj;
		};
		36AF6E7C217CFF3600A82C6D /* PBXContainerItemProxy */ = {
			isa = PBXContainerItemProxy;
			containerPortal = 0BF623D7214EDAF6008FBB12 /* Project object */;
			proxyType = 1;
			remoteGlobalIDString = 0BF623DE214EDAF6008FBB12;
			remoteInfo = 442proj;
		};
/* End PBXContainerItemProxy section */

/* Begin PBXFileReference section */
		0B80622D2156FDC60054BDA7 /* SecondViewController.swift */ = {isa = PBXFileReference; lastKnownFileType = sourcecode.swift; path = SecondViewController.swift; sourceTree = "<group>"; };
		0BF623DF214EDAF6008FBB12 /* 442proj.app */ = {isa = PBXFileReference; explicitFileType = wrapper.application; includeInIndex = 0; path = 442proj.app; sourceTree = BUILT_PRODUCTS_DIR; };
		0BF623E2214EDAF6008FBB12 /* AppDelegate.swift */ = {isa = PBXFileReference; lastKnownFileType = sourcecode.swift; path = AppDelegate.swift; sourceTree = "<group>"; };
		0BF623E4214EDAF6008FBB12 /* ViewController.swift */ = {isa = PBXFileReference; lastKnownFileType = sourcecode.swift; path = ViewController.swift; sourceTree = "<group>"; };
		0BF623E7214EDAF6008FBB12 /* Base */ = {isa = PBXFileReference; lastKnownFileType = file.storyboard; name = Base; path = Base.lproj/Main.storyboard; sourceTree = "<group>"; };
		0BF623E9214EDAF9008FBB12 /* Assets.xcassets */ = {isa = PBXFileReference; lastKnownFileType = folder.assetcatalog; path = Assets.xcassets; sourceTree = "<group>"; };
		0BF623EC214EDAF9008FBB12 /* Base */ = {isa = PBXFileReference; lastKnownFileType = file.storyboard; name = Base; path = Base.lproj/LaunchScreen.storyboard; sourceTree = "<group>"; };
		0BF623EE214EDAF9008FBB12 /* Info.plist */ = {isa = PBXFileReference; lastKnownFileType = text.plist.xml; path = Info.plist; sourceTree = "<group>"; };
		0BF623F3214EDAF9008FBB12 /* 442projTests.xctest */ = {isa = PBXFileReference; explicitFileType = wrapper.cfbundle; includeInIndex = 0; path = 442projTests.xctest; sourceTree = BUILT_PRODUCTS_DIR; };
		0BF623F7214EDAF9008FBB12 /* _42projTests.swift */ = {isa = PBXFileReference; lastKnownFileType = sourcecode.swift; path = _42projTests.swift; sourceTree = "<group>"; };
		0BF623F9214EDAF9008FBB12 /* Info.plist */ = {isa = PBXFileReference; lastKnownFileType = text.plist.xml; path = Info.plist; sourceTree = "<group>"; };
		0BF623FE214EDAF9008FBB12 /* 442projUITests.xctest */ = {isa = PBXFileReference; explicitFileType = wrapper.cfbundle; includeInIndex = 0; path = 442projUITests.xctest; sourceTree = BUILT_PRODUCTS_DIR; };
		0BF62402214EDAF9008FBB12 /* _42projUITests.swift */ = {isa = PBXFileReference; lastKnownFileType = sourcecode.swift; path = _42projUITests.swift; sourceTree = "<group>"; };
		0BF62404214EDAF9008FBB12 /* Info.plist */ = {isa = PBXFileReference; lastKnownFileType = text.plist.xml; path = Info.plist; sourceTree = "<group>"; };
		0BF684A82173D4B6004EF7A9 /* Mission.swift */ = {isa = PBXFileReference; lastKnownFileType = sourcecode.swift; path = Mission.swift; sourceTree = "<group>"; };
		363E5556215A9D0600F1A5D5 /* ARViewController.swift */ = {isa = PBXFileReference; lastKnownFileType = sourcecode.swift; path = ARViewController.swift; sourceTree = "<group>"; };
		368EED8A217E699C006FDAC4 /* AR Test.xctest */ = {isa = PBXFileReference; explicitFileType = wrapper.cfbundle; includeInIndex = 0; path = "AR Test.xctest"; sourceTree = BUILT_PRODUCTS_DIR; };
		36AF6E77217CFF3600A82C6D /* ARSCNView Test.xctest */ = {isa = PBXFileReference; explicitFileType = wrapper.cfbundle; includeInIndex = 0; path = "ARSCNView Test.xctest"; sourceTree = BUILT_PRODUCTS_DIR; };
		42FFA2942173E11700660E11 /* MapViewController.swift */ = {isa = PBXFileReference; lastKnownFileType = sourcecode.swift; path = MapViewController.swift; sourceTree = "<group>"; };
		42FFA2972173E30500660E11 /* CoreLocation.framework */ = {isa = PBXFileReference; lastKnownFileType = wrapper.framework; name = CoreLocation.framework; path = System/Library/Frameworks/CoreLocation.framework; sourceTree = SDKROOT; };
/* End PBXFileReference section */

/* Begin PBXFrameworksBuildPhase section */
		0BF623DC214EDAF6008FBB12 /* Frameworks */ = {
			isa = PBXFrameworksBuildPhase;
			buildActionMask = 2147483647;
			files = (
				42FFA2982173E30500660E11 /* CoreLocation.framework in Frameworks */,
			);
			runOnlyForDeploymentPostprocessing = 0;
		};
		0BF623F0214EDAF9008FBB12 /* Frameworks */ = {
			isa = PBXFrameworksBuildPhase;
			buildActionMask = 2147483647;
			files = (
			);
			runOnlyForDeploymentPostprocessing = 0;
		};
		0BF623FB214EDAF9008FBB12 /* Frameworks */ = {
			isa = PBXFrameworksBuildPhase;
			buildActionMask = 2147483647;
			files = (
			);
			runOnlyForDeploymentPostprocessing = 0;
		};
		368EED87217E699C006FDAC4 /* Frameworks */ = {
			isa = PBXFrameworksBuildPhase;
			buildActionMask = 2147483647;
			files = (
			);
			runOnlyForDeploymentPostprocessing = 0;
		};
		36AF6E74217CFF3600A82C6D /* Frameworks */ = {
			isa = PBXFrameworksBuildPhase;
			buildActionMask = 2147483647;
			files = (
			);
			runOnlyForDeploymentPostprocessing = 0;
		};
/* End PBXFrameworksBuildPhase section */

/* Begin PBXGroup section */
		0BF623D6214EDAF6008FBB12 = {
			isa = PBXGroup;
			children = (
				0BF623E1214EDAF6008FBB12 /* 442proj */,
				0BF623F6214EDAF9008FBB12 /* 442projTests */,
				0BF62401214EDAF9008FBB12 /* 442projUITests */,
				0BF623E0214EDAF6008FBB12 /* Products */,
				42FFA2962173E30500660E11 /* Frameworks */,
			);
			sourceTree = "<group>";
			usesTabs = 0;
		};
		0BF623E0214EDAF6008FBB12 /* Products */ = {
			isa = PBXGroup;
			children = (
				0BF623DF214EDAF6008FBB12 /* 442proj.app */,
				0BF623F3214EDAF9008FBB12 /* 442projTests.xctest */,
				0BF623FE214EDAF9008FBB12 /* 442projUITests.xctest */,
				36AF6E77217CFF3600A82C6D /* ARSCNView Test.xctest */,
				368EED8A217E699C006FDAC4 /* AR Test.xctest */,
			);
			name = Products;
			sourceTree = "<group>";
		};
		0BF623E1214EDAF6008FBB12 /* 442proj */ = {
			isa = PBXGroup;
			children = (
				0BF623E2214EDAF6008FBB12 /* AppDelegate.swift */,
				363E5556215A9D0600F1A5D5 /* ARViewController.swift */,
				0BF623E4214EDAF6008FBB12 /* ViewController.swift */,
				0B80622D2156FDC60054BDA7 /* SecondViewController.swift */,
				0BF623E6214EDAF6008FBB12 /* Main.storyboard */,
				0BF623E9214EDAF9008FBB12 /* Assets.xcassets */,
				0BF623EB214EDAF9008FBB12 /* LaunchScreen.storyboard */,
				0BF623EE214EDAF9008FBB12 /* Info.plist */,
				0BF684A82173D4B6004EF7A9 /* Mission.swift */,
				42FFA2942173E11700660E11 /* MapViewController.swift */,
			);
			path = 442proj;
			sourceTree = "<group>";
		};
		0BF623F6214EDAF9008FBB12 /* 442projTests */ = {
			isa = PBXGroup;
			children = (
				0BF623F7214EDAF9008FBB12 /* _42projTests.swift */,
				0BF623F9214EDAF9008FBB12 /* Info.plist */,
			);
			path = 442projTests;
			sourceTree = "<group>";
		};
		0BF62401214EDAF9008FBB12 /* 442projUITests */ = {
			isa = PBXGroup;
			children = (
				0BF62402214EDAF9008FBB12 /* _42projUITests.swift */,
				0BF62404214EDAF9008FBB12 /* Info.plist */,
			);
			path = 442projUITests;
			sourceTree = "<group>";
		};
		42FFA2962173E30500660E11 /* Frameworks */ = {
			isa = PBXGroup;
			children = (
				42FFA2972173E30500660E11 /* CoreLocation.framework */,
			);
			name = Frameworks;
			sourceTree = "<group>";
		};
/* End PBXGroup section */

/* Begin PBXNativeTarget section */
		0BF623DE214EDAF6008FBB12 /* 442proj */ = {
			isa = PBXNativeTarget;
			buildConfigurationList = 0BF62407214EDAF9008FBB12 /* Build configuration list for PBXNativeTarget "442proj" */;
			buildPhases = (
				0BF623DB214EDAF6008FBB12 /* Sources */,
				0BF623DC214EDAF6008FBB12 /* Frameworks */,
				0BF623DD214EDAF6008FBB12 /* Resources */,
			);
			buildRules = (
			);
			dependencies = (
			);
			name = 442proj;
			productName = 442proj;
			productReference = 0BF623DF214EDAF6008FBB12 /* 442proj.app */;
			productType = "com.apple.product-type.application";
		};
		0BF623F2214EDAF9008FBB12 /* 442projTests */ = {
			isa = PBXNativeTarget;
			buildConfigurationList = 0BF6240A214EDAF9008FBB12 /* Build configuration list for PBXNativeTarget "442projTests" */;
			buildPhases = (
				0BF623EF214EDAF9008FBB12 /* Sources */,
				0BF623F0214EDAF9008FBB12 /* Frameworks */,
				0BF623F1214EDAF9008FBB12 /* Resources */,
			);
			buildRules = (
			);
			dependencies = (
				0BF623F5214EDAF9008FBB12 /* PBXTargetDependency */,
			);
			name = 442projTests;
			productName = 442projTests;
			productReference = 0BF623F3214EDAF9008FBB12 /* 442projTests.xctest */;
			productType = "com.apple.product-type.bundle.unit-test";
		};
		0BF623FD214EDAF9008FBB12 /* 442projUITests */ = {
			isa = PBXNativeTarget;
			buildConfigurationList = 0BF6240D214EDAF9008FBB12 /* Build configuration list for PBXNativeTarget "442projUITests" */;
			buildPhases = (
				0BF623FA214EDAF9008FBB12 /* Sources */,
				0BF623FB214EDAF9008FBB12 /* Frameworks */,
				0BF623FC214EDAF9008FBB12 /* Resources */,
			);
			buildRules = (
			);
			dependencies = (
				0BF62400214EDAF9008FBB12 /* PBXTargetDependency */,
			);
			name = 442projUITests;
			productName = 442projUITests;
			productReference = 0BF623FE214EDAF9008FBB12 /* 442projUITests.xctest */;
			productType = "com.apple.product-type.bundle.ui-testing";
		};
		368EED89217E699C006FDAC4 /* AR Test */ = {
			isa = PBXNativeTarget;
			buildConfigurationList = 368EED93217E699C006FDAC4 /* Build configuration list for PBXNativeTarget "AR Test" */;
			buildPhases = (
				368EED86217E699C006FDAC4 /* Sources */,
				368EED87217E699C006FDAC4 /* Frameworks */,
				368EED88217E699C006FDAC4 /* Resources */,
			);
			buildRules = (
			);
			dependencies = (
				368EED90217E699C006FDAC4 /* PBXTargetDependency */,
			);
			name = "AR Test";
			productName = "AR Test";
			productReference = 368EED8A217E699C006FDAC4 /* AR Test.xctest */;
			productType = "com.apple.product-type.bundle.unit-test";
		};
		36AF6E76217CFF3600A82C6D /* ARSCNView Test */ = {
			isa = PBXNativeTarget;
			buildConfigurationList = 36AF6E80217CFF3600A82C6D /* Build configuration list for PBXNativeTarget "ARSCNView Test" */;
			buildPhases = (
				36AF6E73217CFF3600A82C6D /* Sources */,
				36AF6E74217CFF3600A82C6D /* Frameworks */,
				36AF6E75217CFF3600A82C6D /* Resources */,
			);
			buildRules = (
			);
			dependencies = (
				36AF6E7D217CFF3600A82C6D /* PBXTargetDependency */,
			);
			name = "ARSCNView Test";
			productName = "ARSCNView Test";
			productReference = 36AF6E77217CFF3600A82C6D /* ARSCNView Test.xctest */;
			productType = "com.apple.product-type.bundle.unit-test";
		};
/* End PBXNativeTarget section */

/* Begin PBXProject section */
		0BF623D7214EDAF6008FBB12 /* Project object */ = {
			isa = PBXProject;
			attributes = {
				LastSwiftUpdateCheck = 1000;
				LastUpgradeCheck = 0940;
				ORGANIZATIONNAME = "Jie Chen";
				TargetAttributes = {
					0BF623DE214EDAF6008FBB12 = {
						CreatedOnToolsVersion = 9.4.1;
						LastSwiftMigration = 1000;
					};
					0BF623F2214EDAF9008FBB12 = {
						CreatedOnToolsVersion = 9.4.1;
						LastSwiftMigration = 1000;
						TestTargetID = 0BF623DE214EDAF6008FBB12;
					};
					0BF623FD214EDAF9008FBB12 = {
						CreatedOnToolsVersion = 9.4.1;
						LastSwiftMigration = 1000;
						TestTargetID = 0BF623DE214EDAF6008FBB12;
					};
					368EED89217E699C006FDAC4 = {
						CreatedOnToolsVersion = 10.0;
						TestTargetID = 0BF623DE214EDAF6008FBB12;
					};
					36AF6E76217CFF3600A82C6D = {
						CreatedOnToolsVersion = 10.0;
						TestTargetID = 0BF623DE214EDAF6008FBB12;
					};
				};
			};
			buildConfigurationList = 0BF623DA214EDAF6008FBB12 /* Build configuration list for PBXProject "442proj" */;
			compatibilityVersion = "Xcode 9.3";
			developmentRegion = en;
			hasScannedForEncodings = 0;
			knownRegions = (
				en,
				Base,
			);
			mainGroup = 0BF623D6214EDAF6008FBB12;
			productRefGroup = 0BF623E0214EDAF6008FBB12 /* Products */;
			projectDirPath = "";
			projectRoot = "";
			targets = (
				0BF623DE214EDAF6008FBB12 /* 442proj */,
				0BF623F2214EDAF9008FBB12 /* 442projTests */,
				0BF623FD214EDAF9008FBB12 /* 442projUITests */,
				36AF6E76217CFF3600A82C6D /* ARSCNView Test */,
				368EED89217E699C006FDAC4 /* AR Test */,
			);
		};
/* End PBXProject section */

/* Begin PBXResourcesBuildPhase section */
		0BF623DD214EDAF6008FBB12 /* Resources */ = {
			isa = PBXResourcesBuildPhase;
			buildActionMask = 2147483647;
			files = (
				0BF623ED214EDAF9008FBB12 /* LaunchScreen.storyboard in Resources */,
				0BF623EA214EDAF9008FBB12 /* Assets.xcassets in Resources */,
				0BF623E8214EDAF6008FBB12 /* Main.storyboard in Resources */,
			);
			runOnlyForDeploymentPostprocessing = 0;
		};
		0BF623F1214EDAF9008FBB12 /* Resources */ = {
			isa = PBXResourcesBuildPhase;
			buildActionMask = 2147483647;
			files = (
			);
			runOnlyForDeploymentPostprocessing = 0;
		};
		0BF623FC214EDAF9008FBB12 /* Resources */ = {
			isa = PBXResourcesBuildPhase;
			buildActionMask = 2147483647;
			files = (
			);
			runOnlyForDeploymentPostprocessing = 0;
		};
		368EED88217E699C006FDAC4 /* Resources */ = {
			isa = PBXResourcesBuildPhase;
			buildActionMask = 2147483647;
			files = (
			);
			runOnlyForDeploymentPostprocessing = 0;
		};
		36AF6E75217CFF3600A82C6D /* Resources */ = {
			isa = PBXResourcesBuildPhase;
			buildActionMask = 2147483647;
			files = (
			);
			runOnlyForDeploymentPostprocessing = 0;
		};
/* End PBXResourcesBuildPhase section */

/* Begin PBXSourcesBuildPhase section */
		0BF623DB214EDAF6008FBB12 /* Sources */ = {
			isa = PBXSourcesBuildPhase;
			buildActionMask = 2147483647;
			files = (
				0B80622E2156FDC60054BDA7 /* SecondViewController.swift in Sources */,
				42FFA2952173E11700660E11 /* MapViewController.swift in Sources */,
				0BF623E5214EDAF6008FBB12 /* ViewController.swift in Sources */,
				0BF623E3214EDAF6008FBB12 /* AppDelegate.swift in Sources */,
				0BF684A92173D4B6004EF7A9 /* Mission.swift in Sources */,
				363E5557215A9D0600F1A5D5 /* ARViewController.swift in Sources */,
			);
			runOnlyForDeploymentPostprocessing = 0;
		};
		0BF623EF214EDAF9008FBB12 /* Sources */ = {
			isa = PBXSourcesBuildPhase;
			buildActionMask = 2147483647;
			files = (
				0BF623F8214EDAF9008FBB12 /* _42projTests.swift in Sources */,
			);
			runOnlyForDeploymentPostprocessing = 0;
		};
		0BF623FA214EDAF9008FBB12 /* Sources */ = {
			isa = PBXSourcesBuildPhase;
			buildActionMask = 2147483647;
			files = (
				0BF62403214EDAF9008FBB12 /* _42projUITests.swift in Sources */,
			);
			runOnlyForDeploymentPostprocessing = 0;
		};
		368EED86217E699C006FDAC4 /* Sources */ = {
			isa = PBXSourcesBuildPhase;
			buildActionMask = 2147483647;
			files = (
			);
			runOnlyForDeploymentPostprocessing = 0;
		};
		36AF6E73217CFF3600A82C6D /* Sources */ = {
			isa = PBXSourcesBuildPhase;
			buildActionMask = 2147483647;
			files = (
			);
			runOnlyForDeploymentPostprocessing = 0;
		};
/* End PBXSourcesBuildPhase section */

/* Begin PBXTargetDependency section */
		0BF623F5214EDAF9008FBB12 /* PBXTargetDependency */ = {
			isa = PBXTargetDependency;
			target = 0BF623DE214EDAF6008FBB12 /* 442proj */;
			targetProxy = 0BF623F4214EDAF9008FBB12 /* PBXContainerItemProxy */;
		};
		0BF62400214EDAF9008FBB12 /* PBXTargetDependency */ = {
			isa = PBXTargetDependency;
			target = 0BF623DE214EDAF6008FBB12 /* 442proj */;
			targetProxy = 0BF623FF214EDAF9008FBB12 /* PBXContainerItemProxy */;
		};
		368EED90217E699C006FDAC4 /* PBXTargetDependency */ = {
			isa = PBXTargetDependency;
			target = 0BF623DE214EDAF6008FBB12 /* 442proj */;
			targetProxy = 368EED8F217E699C006FDAC4 /* PBXContainerItemProxy */;
		};
		36AF6E7D217CFF3600A82C6D /* PBXTargetDependency */ = {
			isa = PBXTargetDependency;
			target = 0BF623DE214EDAF6008FBB12 /* 442proj */;
			targetProxy = 36AF6E7C217CFF3600A82C6D /* PBXContainerItemProxy */;
		};
/* End PBXTargetDependency section */

/* Begin PBXVariantGroup section */
		0BF623E6214EDAF6008FBB12 /* Main.storyboard */ = {
			isa = PBXVariantGroup;
			children = (
				0BF623E7214EDAF6008FBB12 /* Base */,
			);
			name = Main.storyboard;
			sourceTree = "<group>";
		};
		0BF623EB214EDAF9008FBB12 /* LaunchScreen.storyboard */ = {
			isa = PBXVariantGroup;
			children = (
				0BF623EC214EDAF9008FBB12 /* Base */,
			);
			name = LaunchScreen.storyboard;
			sourceTree = "<group>";
		};
/* End PBXVariantGroup section */

/* Begin XCBuildConfiguration section */
		0BF62405214EDAF9008FBB12 /* Debug */ = {
			isa = XCBuildConfiguration;
			buildSettings = {
				ALWAYS_SEARCH_USER_PATHS = NO;
				CLANG_ANALYZER_NONNULL = YES;
				CLANG_ANALYZER_NUMBER_OBJECT_CONVERSION = YES_AGGRESSIVE;
				CLANG_CXX_LANGUAGE_STANDARD = "gnu++14";
				CLANG_CXX_LIBRARY = "libc++";
				CLANG_ENABLE_MODULES = YES;
				CLANG_ENABLE_OBJC_ARC = YES;
				CLANG_ENABLE_OBJC_WEAK = YES;
				CLANG_WARN_BLOCK_CAPTURE_AUTORELEASING = YES;
				CLANG_WARN_BOOL_CONVERSION = YES;
				CLANG_WARN_COMMA = YES;
				CLANG_WARN_CONSTANT_CONVERSION = YES;
				CLANG_WARN_DEPRECATED_OBJC_IMPLEMENTATIONS = YES;
				CLANG_WARN_DIRECT_OBJC_ISA_USAGE = YES_ERROR;
				CLANG_WARN_DOCUMENTATION_COMMENTS = YES;
				CLANG_WARN_EMPTY_BODY = YES;
				CLANG_WARN_ENUM_CONVERSION = YES;
				CLANG_WARN_INFINITE_RECURSION = YES;
				CLANG_WARN_INT_CONVERSION = YES;
				CLANG_WARN_NON_LITERAL_NULL_CONVERSION = YES;
				CLANG_WARN_OBJC_IMPLICIT_RETAIN_SELF = YES;
				CLANG_WARN_OBJC_LITERAL_CONVERSION = YES;
				CLANG_WARN_OBJC_ROOT_CLASS = YES_ERROR;
				CLANG_WARN_RANGE_LOOP_ANALYSIS = YES;
				CLANG_WARN_STRICT_PROTOTYPES = YES;
				CLANG_WARN_SUSPICIOUS_MOVE = YES;
				CLANG_WARN_UNGUARDED_AVAILABILITY = YES_AGGRESSIVE;
				CLANG_WARN_UNREACHABLE_CODE = YES;
				CLANG_WARN__DUPLICATE_METHOD_MATCH = YES;
				CODE_SIGN_IDENTITY = "iPhone Developer";
				COPY_PHASE_STRIP = NO;
				DEBUG_INFORMATION_FORMAT = dwarf;
				ENABLE_STRICT_OBJC_MSGSEND = YES;
				ENABLE_TESTABILITY = YES;
				GCC_C_LANGUAGE_STANDARD = gnu11;
				GCC_DYNAMIC_NO_PIC = NO;
				GCC_NO_COMMON_BLOCKS = YES;
				GCC_OPTIMIZATION_LEVEL = 0;
				GCC_PREPROCESSOR_DEFINITIONS = (
					"DEBUG=1",
					"$(inherited)",
				);
				GCC_WARN_64_TO_32_BIT_CONVERSION = YES;
				GCC_WARN_ABOUT_RETURN_TYPE = YES_ERROR;
				GCC_WARN_UNDECLARED_SELECTOR = YES;
				GCC_WARN_UNINITIALIZED_AUTOS = YES_AGGRESSIVE;
				GCC_WARN_UNUSED_FUNCTION = YES;
				GCC_WARN_UNUSED_VARIABLE = YES;
				IPHONEOS_DEPLOYMENT_TARGET = 11.4;
				MTL_ENABLE_DEBUG_INFO = YES;
				ONLY_ACTIVE_ARCH = YES;
				SDKROOT = iphoneos;
				SWIFT_ACTIVE_COMPILATION_CONDITIONS = DEBUG;
				SWIFT_OPTIMIZATION_LEVEL = "-Onone";
			};
			name = Debug;
		};
		0BF62406214EDAF9008FBB12 /* Release */ = {
			isa = XCBuildConfiguration;
			buildSettings = {
				ALWAYS_SEARCH_USER_PATHS = NO;
				CLANG_ANALYZER_NONNULL = YES;
				CLANG_ANALYZER_NUMBER_OBJECT_CONVERSION = YES_AGGRESSIVE;
				CLANG_CXX_LANGUAGE_STANDARD = "gnu++14";
				CLANG_CXX_LIBRARY = "libc++";
				CLANG_ENABLE_MODULES = YES;
				CLANG_ENABLE_OBJC_ARC = YES;
				CLANG_ENABLE_OBJC_WEAK = YES;
				CLANG_WARN_BLOCK_CAPTURE_AUTORELEASING = YES;
				CLANG_WARN_BOOL_CONVERSION = YES;
				CLANG_WARN_COMMA = YES;
				CLANG_WARN_CONSTANT_CONVERSION = YES;
				CLANG_WARN_DEPRECATED_OBJC_IMPLEMENTATIONS = YES;
				CLANG_WARN_DIRECT_OBJC_ISA_USAGE = YES_ERROR;
				CLANG_WARN_DOCUMENTATION_COMMENTS = YES;
				CLANG_WARN_EMPTY_BODY = YES;
				CLANG_WARN_ENUM_CONVERSION = YES;
				CLANG_WARN_INFINITE_RECURSION = YES;
				CLANG_WARN_INT_CONVERSION = YES;
				CLANG_WARN_NON_LITERAL_NULL_CONVERSION = YES;
				CLANG_WARN_OBJC_IMPLICIT_RETAIN_SELF = YES;
				CLANG_WARN_OBJC_LITERAL_CONVERSION = YES;
				CLANG_WARN_OBJC_ROOT_CLASS = YES_ERROR;
				CLANG_WARN_RANGE_LOOP_ANALYSIS = YES;
				CLANG_WARN_STRICT_PROTOTYPES = YES;
				CLANG_WARN_SUSPICIOUS_MOVE = YES;
				CLANG_WARN_UNGUARDED_AVAILABILITY = YES_AGGRESSIVE;
				CLANG_WARN_UNREACHABLE_CODE = YES;
				CLANG_WARN__DUPLICATE_METHOD_MATCH = YES;
				CODE_SIGN_IDENTITY = "iPhone Developer";
				COPY_PHASE_STRIP = NO;
				DEBUG_INFORMATION_FORMAT = "dwarf-with-dsym";
				ENABLE_NS_ASSERTIONS = NO;
				ENABLE_STRICT_OBJC_MSGSEND = YES;
				GCC_C_LANGUAGE_STANDARD = gnu11;
				GCC_NO_COMMON_BLOCKS = YES;
				GCC_WARN_64_TO_32_BIT_CONVERSION = YES;
				GCC_WARN_ABOUT_RETURN_TYPE = YES_ERROR;
				GCC_WARN_UNDECLARED_SELECTOR = YES;
				GCC_WARN_UNINITIALIZED_AUTOS = YES_AGGRESSIVE;
				GCC_WARN_UNUSED_FUNCTION = YES;
				GCC_WARN_UNUSED_VARIABLE = YES;
				IPHONEOS_DEPLOYMENT_TARGET = 11.4;
				MTL_ENABLE_DEBUG_INFO = NO;
				SDKROOT = iphoneos;
				SWIFT_COMPILATION_MODE = wholemodule;
				SWIFT_OPTIMIZATION_LEVEL = "-O";
				VALIDATE_PRODUCT = YES;
			};
			name = Release;
		};
		0BF62408214EDAF9008FBB12 /* Debug */ = {
			isa = XCBuildConfiguration;
			buildSettings = {
				ASSETCATALOG_COMPILER_APPICON_NAME = AppIcon;
				CLANG_ENABLE_MODULES = YES;
				CODE_SIGN_STYLE = Automatic;
				DEVELOPMENT_TEAM = NDXW42YCC7;
				INFOPLIST_FILE = 442proj/Info.plist;
				IPHONEOS_DEPLOYMENT_TARGET = 11.2;
				LD_RUNPATH_SEARCH_PATHS = (
					"$(inherited)",
					"@executable_path/Frameworks",
				);
				PRODUCT_BUNDLE_IDENTIFIER = "hello.-42proj";
				PRODUCT_NAME = "$(TARGET_NAME)";
				SWIFT_OPTIMIZATION_LEVEL = "-Onone";
				SWIFT_VERSION = 4.2;
				TARGETED_DEVICE_FAMILY = "1,2";
			};
			name = Debug;
		};
		0BF62409214EDAF9008FBB12 /* Release */ = {
			isa = XCBuildConfiguration;
			buildSettings = {
				ASSETCATALOG_COMPILER_APPICON_NAME = AppIcon;
				CLANG_ENABLE_MODULES = YES;
				CODE_SIGN_STYLE = Automatic;
				DEVELOPMENT_TEAM = NDXW42YCC7;
				INFOPLIST_FILE = 442proj/Info.plist;
				IPHONEOS_DEPLOYMENT_TARGET = 11.2;
				LD_RUNPATH_SEARCH_PATHS = (
					"$(inherited)",
					"@executable_path/Frameworks",
				);
				PRODUCT_BUNDLE_IDENTIFIER = "hello.-42proj";
				PRODUCT_NAME = "$(TARGET_NAME)";
				SWIFT_VERSION = 4.2;
				TARGETED_DEVICE_FAMILY = "1,2";
			};
			name = Release;
		};
		0BF6240B214EDAF9008FBB12 /* Debug */ = {
			isa = XCBuildConfiguration;
			buildSettings = {
				ALWAYS_EMBED_SWIFT_STANDARD_LIBRARIES = YES;
				BUNDLE_LOADER = "$(TEST_HOST)";
				CODE_SIGN_STYLE = Automatic;
				INFOPLIST_FILE = 442projTests/Info.plist;
				LD_RUNPATH_SEARCH_PATHS = (
					"$(inherited)",
					"@executable_path/Frameworks",
					"@loader_path/Frameworks",
				);
				PRODUCT_BUNDLE_IDENTIFIER = "hello.-42projTests";
				PRODUCT_NAME = "$(TARGET_NAME)";
				SWIFT_VERSION = 4.2;
				TARGETED_DEVICE_FAMILY = "1,2";
				TEST_HOST = "$(BUILT_PRODUCTS_DIR)/442proj.app/442proj";
			};
			name = Debug;
		};
		0BF6240C214EDAF9008FBB12 /* Release */ = {
			isa = XCBuildConfiguration;
			buildSettings = {
				ALWAYS_EMBED_SWIFT_STANDARD_LIBRARIES = YES;
				BUNDLE_LOADER = "$(TEST_HOST)";
				CODE_SIGN_STYLE = Automatic;
				INFOPLIST_FILE = 442projTests/Info.plist;
				LD_RUNPATH_SEARCH_PATHS = (
					"$(inherited)",
					"@executable_path/Frameworks",
					"@loader_path/Frameworks",
				);
				PRODUCT_BUNDLE_IDENTIFIER = "hello.-42projTests";
				PRODUCT_NAME = "$(TARGET_NAME)";
				SWIFT_VERSION = 4.2;
				TARGETED_DEVICE_FAMILY = "1,2";
				TEST_HOST = "$(BUILT_PRODUCTS_DIR)/442proj.app/442proj";
			};
			name = Release;
		};
		0BF6240E214EDAF9008FBB12 /* Debug */ = {
			isa = XCBuildConfiguration;
			buildSettings = {
				ALWAYS_EMBED_SWIFT_STANDARD_LIBRARIES = YES;
				CODE_SIGN_STYLE = Automatic;
				INFOPLIST_FILE = 442projUITests/Info.plist;
				LD_RUNPATH_SEARCH_PATHS = (
					"$(inherited)",
					"@executable_path/Frameworks",
					"@loader_path/Frameworks",
				);
				PRODUCT_BUNDLE_IDENTIFIER = "hello.-42projUITests";
				PRODUCT_NAME = "$(TARGET_NAME)";
				SWIFT_VERSION = 4.2;
				TARGETED_DEVICE_FAMILY = "1,2";
				TEST_TARGET_NAME = 442proj;
			};
			name = Debug;
		};
		0BF6240F214EDAF9008FBB12 /* Release */ = {
			isa = XCBuildConfiguration;
			buildSettings = {
				ALWAYS_EMBED_SWIFT_STANDARD_LIBRARIES = YES;
				CODE_SIGN_STYLE = Automatic;
				INFOPLIST_FILE = 442projUITests/Info.plist;
				LD_RUNPATH_SEARCH_PATHS = (
					"$(inherited)",
					"@executable_path/Frameworks",
					"@loader_path/Frameworks",
				);
				PRODUCT_BUNDLE_IDENTIFIER = "hello.-42projUITests";
				PRODUCT_NAME = "$(TARGET_NAME)";
				SWIFT_VERSION = 4.2;
				TARGETED_DEVICE_FAMILY = "1,2";
				TEST_TARGET_NAME = 442proj;
			};
			name = Release;
		};
		368EED91217E699C006FDAC4 /* Debug */ = {
			isa = XCBuildConfiguration;
			buildSettings = {
				BUNDLE_LOADER = "$(TEST_HOST)";
				CODE_SIGN_STYLE = Automatic;
				DEVELOPMENT_TEAM = NDXW42YCC7;
				INFOPLIST_FILE = "AR Test/Info.plist";
				IPHONEOS_DEPLOYMENT_TARGET = 12.0;
				LD_RUNPATH_SEARCH_PATHS = (
					"$(inherited)",
					"@executable_path/Frameworks",
					"@loader_path/Frameworks",
				);
				MTL_ENABLE_DEBUG_INFO = INCLUDE_SOURCE;
				MTL_FAST_MATH = YES;
				PRODUCT_BUNDLE_IDENTIFIER = "wazzuph3.AR-Test";
				PRODUCT_NAME = "$(TARGET_NAME)";
				SWIFT_VERSION = 4.2;
				TARGETED_DEVICE_FAMILY = "1,2";
				TEST_HOST = "$(BUILT_PRODUCTS_DIR)/442proj.app/442proj";
			};
			name = Debug;
		};
		368EED92217E699C006FDAC4 /* Release */ = {
			isa = XCBuildConfiguration;
			buildSettings = {
				BUNDLE_LOADER = "$(TEST_HOST)";
				CODE_SIGN_STYLE = Automatic;
				DEVELOPMENT_TEAM = NDXW42YCC7;
				INFOPLIST_FILE = "AR Test/Info.plist";
				IPHONEOS_DEPLOYMENT_TARGET = 12.0;
				LD_RUNPATH_SEARCH_PATHS = (
					"$(inherited)",
					"@executable_path/Frameworks",
					"@loader_path/Frameworks",
				);
				MTL_FAST_MATH = YES;
				PRODUCT_BUNDLE_IDENTIFIER = "wazzuph3.AR-Test";
				PRODUCT_NAME = "$(TARGET_NAME)";
				SWIFT_VERSION = 4.2;
				TARGETED_DEVICE_FAMILY = "1,2";
				TEST_HOST = "$(BUILT_PRODUCTS_DIR)/442proj.app/442proj";
			};
			name = Release;
		};
		36AF6E7E217CFF3600A82C6D /* Debug */ = {
			isa = XCBuildConfiguration;
			buildSettings = {
				BUNDLE_LOADER = "$(TEST_HOST)";
				CODE_SIGN_STYLE = Automatic;
				DEVELOPMENT_TEAM = NDXW42YCC7;
				INFOPLIST_FILE = "ARSCNView Test/Info.plist";
				IPHONEOS_DEPLOYMENT_TARGET = 12.0;
				LD_RUNPATH_SEARCH_PATHS = (
					"$(inherited)",
					"@executable_path/Frameworks",
					"@loader_path/Frameworks",
				);
				MTL_ENABLE_DEBUG_INFO = INCLUDE_SOURCE;
				MTL_FAST_MATH = YES;
				PRODUCT_BUNDLE_IDENTIFIER = "wazzuph3.ARSCNView-Test";
				PRODUCT_NAME = "$(TARGET_NAME)";
				SWIFT_VERSION = 4.2;
				TARGETED_DEVICE_FAMILY = "1,2";
				TEST_HOST = "$(BUILT_PRODUCTS_DIR)/442proj.app/442proj";
			};
			name = Debug;
		};
		36AF6E7F217CFF3600A82C6D /* Release */ = {
			isa = XCBuildConfiguration;
			buildSettings = {
				BUNDLE_LOADER = "$(TEST_HOST)";
				CODE_SIGN_STYLE = Automatic;
				DEVELOPMENT_TEAM = NDXW42YCC7;
				INFOPLIST_FILE = "ARSCNView Test/Info.plist";
				IPHONEOS_DEPLOYMENT_TARGET = 12.0;
				LD_RUNPATH_SEARCH_PATHS = (
					"$(inherited)",
					"@executable_path/Frameworks",
					"@loader_path/Frameworks",
				);
				MTL_FAST_MATH = YES;
				PRODUCT_BUNDLE_IDENTIFIER = "wazzuph3.ARSCNView-Test";
				PRODUCT_NAME = "$(TARGET_NAME)";
				SWIFT_VERSION = 4.2;
				TARGETED_DEVICE_FAMILY = "1,2";
				TEST_HOST = "$(BUILT_PRODUCTS_DIR)/442proj.app/442proj";
			};
			name = Release;
		};
/* End XCBuildConfiguration section */

/* Begin XCConfigurationList section */
		0BF623DA214EDAF6008FBB12 /* Build configuration list for PBXProject "442proj" */ = {
			isa = XCConfigurationList;
			buildConfigurations = (
				0BF62405214EDAF9008FBB12 /* Debug */,
				0BF62406214EDAF9008FBB12 /* Release */,
			);
			defaultConfigurationIsVisible = 0;
			defaultConfigurationName = Release;
		};
		0BF62407214EDAF9008FBB12 /* Build configuration list for PBXNativeTarget "442proj" */ = {
			isa = XCConfigurationList;
			buildConfigurations = (
				0BF62408214EDAF9008FBB12 /* Debug */,
				0BF62409214EDAF9008FBB12 /* Release */,
			);
			defaultConfigurationIsVisible = 0;
			defaultConfigurationName = Release;
		};
		0BF6240A214EDAF9008FBB12 /* Build configuration list for PBXNativeTarget "442projTests" */ = {
			isa = XCConfigurationList;
			buildConfigurations = (
				0BF6240B214EDAF9008FBB12 /* Debug */,
				0BF6240C214EDAF9008FBB12 /* Release */,
			);
			defaultConfigurationIsVisible = 0;
			defaultConfigurationName = Release;
		};
		0BF6240D214EDAF9008FBB12 /* Build configuration list for PBXNativeTarget "442projUITests" */ = {
			isa = XCConfigurationList;
			buildConfigurations = (
				0BF6240E214EDAF9008FBB12 /* Debug */,
				0BF6240F214EDAF9008FBB12 /* Release */,
			);
			defaultConfigurationIsVisible = 0;
			defaultConfigurationName = Release;
		};
		368EED93217E699C006FDAC4 /* Build configuration list for PBXNativeTarget "AR Test" */ = {
			isa = XCConfigurationList;
			buildConfigurations = (
				368EED91217E699C006FDAC4 /* Debug */,
				368EED92217E699C006FDAC4 /* Release */,
			);
			defaultConfigurationIsVisible = 0;
			defaultConfigurationName = Release;
		};
		36AF6E80217CFF3600A82C6D /* Build configuration list for PBXNativeTarget "ARSCNView Test" */ = {
			isa = XCConfigurationList;
			buildConfigurations = (
				36AF6E7E217CFF3600A82C6D /* Debug */,
				36AF6E7F217CFF3600A82C6D /* Release */,
			);
			defaultConfigurationIsVisible = 0;
			defaultConfigurationName = Release;
		};
/* End XCConfigurationList section */
	};
	rootObject = 0BF623D7214EDAF6008FBB12 /* Project object */;
}
